
Microsoft Visual Studio Solution File, Format Version 12.00
# Visual Studio Version 17
VisualStudioVersion = 17.2.32616.157
MinimumVisualStudioVersion = 10.0.40219.1
Project("{FAE04EC0-301F-11D3-BF4B-00C04F79EFBC}") = "TransferrUang", "TransferrUang\TransferrUang.csproj", "{FEF86D6A-0DA2-474B-8FDD-EB4D49FB2FF3}"
EndProject
Global
	GlobalSection(SolutionConfigurationPlatforms) = preSolution
		Debug|Any CPU = Debug|Any CPU
		Release|Any CPU = Release|Any CPU
	EndGlobalSection
	GlobalSection(ProjectConfigurationPlatforms) = postSolution
		{FEF86D6A-0DA2-474B-8FDD-EB4D49FB2FF3}.Debug|Any CPU.ActiveCfg = Debug|Any CPU
		{FEF86D6A-0DA2-474B-8FDD-EB4D49FB2FF3}.Debug|Any CPU.Build.0 = Debug|Any CPU
		{FEF86D6A-0DA2-474B-8FDD-EB4D49FB2FF3}.Release|Any CPU.ActiveCfg = Release|Any CPU
		{FEF86D6A-0DA2-474B-8FDD-EB4D49FB2FF3}.Release|Any CPU.Build.0 = Release|Any CPU
	EndGlobalSection
	GlobalSection(SolutionProperties) = preSolution
		HideSolutionNode = FALSE
	EndGlobalSection
	GlobalSection(ExtensibilityGlobals) = postSolution
		SolutionGuid = {DFEF351A-7D0B-4870-BC24-02522D7E2A1E}
	EndGlobalSection
EndGlobal
